// !$*UTF8*$!
{
	archiveVersion = 1;
	classes = {
	};
	objectVersion = 56;
	objects = {

/* Begin PBXBuildFile section */
		DA6A3F922B06902F0090604C /* AppCoordinator.swift in Sources */ = {isa = PBXBuildFile; fileRef = DA6A3F912B06902F0090604C /* AppCoordinator.swift */; };
		DA6A3F972B06A9B40090604C /* OnSettingsCoordinator.swift in Sources */ = {isa = PBXBuildFile; fileRef = DA6A3F962B06A9B40090604C /* OnSettingsCoordinator.swift */; };
		DA6A3F992B06A9CE0090604C /* OnSettingsViewPresenter.swift in Sources */ = {isa = PBXBuildFile; fileRef = DA6A3F982B06A9CE0090604C /* OnSettingsViewPresenter.swift */; };
		DA6A3F9B2B06A9FE0090604C /* OnSettingsViewController.swift in Sources */ = {isa = PBXBuildFile; fileRef = DA6A3F9A2B06A9FE0090604C /* OnSettingsViewController.swift */; };
		DA6A3F9E2B06AA180090604C /* OnSettings.storyboard in Resources */ = {isa = PBXBuildFile; fileRef = DA6A3F9D2B06AA180090604C /* OnSettings.storyboard */; };
		DABD43A32B064FB90006C7FC /* AppDelegate.swift in Sources */ = {isa = PBXBuildFile; fileRef = DABD43A22B064FB90006C7FC /* AppDelegate.swift */; };
		DABD43A72B064FB90006C7FC /* OnHelloViewController.swift in Sources */ = {isa = PBXBuildFile; fileRef = DABD43A62B064FB90006C7FC /* OnHelloViewController.swift */; };
		DABD43AA2B064FB90006C7FC /* OnWelcome.storyboard in Resources */ = {isa = PBXBuildFile; fileRef = DABD43A82B064FB90006C7FC /* OnWelcome.storyboard */; };
		DABD43AD2B064FB90006C7FC /* SuperBall.xcdatamodeld in Sources */ = {isa = PBXBuildFile; fileRef = DABD43AB2B064FB90006C7FC /* SuperBall.xcdatamodeld */; };
		DABD43AF2B064FBA0006C7FC /* Assets.xcassets in Resources */ = {isa = PBXBuildFile; fileRef = DABD43AE2B064FBA0006C7FC /* Assets.xcassets */; };
		DABD43B22B064FBA0006C7FC /* LaunchScreen.storyboard in Resources */ = {isa = PBXBuildFile; fileRef = DABD43B02B064FBA0006C7FC /* LaunchScreen.storyboard */; };
		DABD43BD2B064FBA0006C7FC /* SuperBallTests.swift in Sources */ = {isa = PBXBuildFile; fileRef = DABD43BC2B064FBA0006C7FC /* SuperBallTests.swift */; };
		DABD43C72B064FBA0006C7FC /* SuperBallUITests.swift in Sources */ = {isa = PBXBuildFile; fileRef = DABD43C62B064FBA0006C7FC /* SuperBallUITests.swift */; };
		DABD43C92B064FBA0006C7FC /* SuperBallUITestsLaunchTests.swift in Sources */ = {isa = PBXBuildFile; fileRef = DABD43C82B064FBA0006C7FC /* SuperBallUITestsLaunchTests.swift */; };
		DABD43E62B0651FC0006C7FC /* OnHelloViewPresenter.swift in Sources */ = {isa = PBXBuildFile; fileRef = DABD43E52B0651FC0006C7FC /* OnHelloViewPresenter.swift */; };
		DABD43ED2B0657CD0006C7FC /* OnHelloCoordinator.swift in Sources */ = {isa = PBXBuildFile; fileRef = DABD43EC2B0657CD0006C7FC /* OnHelloCoordinator.swift */; };
		DABD43F22B0658F80006C7FC /* OnTutorialViewController.swift in Sources */ = {isa = PBXBuildFile; fileRef = DABD43F12B0658F80006C7FC /* OnTutorialViewController.swift */; };
		DABD43F42B06592E0006C7FC /* OnTurorialViewPresenter.swift in Sources */ = {isa = PBXBuildFile; fileRef = DABD43F32B06592E0006C7FC /* OnTurorialViewPresenter.swift */; };
		DABD43F62B0659450006C7FC /* OnTutorialCoordinator.swift in Sources */ = {isa = PBXBuildFile; fileRef = DABD43F52B0659450006C7FC /* OnTutorialCoordinator.swift */; };
		DAC916472B0775AE00BAA8AD /* OnPlayGameViewController.swift in Sources */ = {isa = PBXBuildFile; fileRef = DAC916462B0775AE00BAA8AD /* OnPlayGameViewController.swift */; };
		DAC9164A2B07769800BAA8AD /* OnGame.storyboard in Resources */ = {isa = PBXBuildFile; fileRef = DAC916492B07769800BAA8AD /* OnGame.storyboard */; };
		DAC9164D2B07785800BAA8AD /* OnGameService.swift in Sources */ = {isa = PBXBuildFile; fileRef = DAC9164C2B07785800BAA8AD /* OnGameService.swift */; };
		DAC9164F2B07789C00BAA8AD /* OnPlayGameViewPresenter.swift in Sources */ = {isa = PBXBuildFile; fileRef = DAC9164E2B07789C00BAA8AD /* OnPlayGameViewPresenter.swift */; };
		DACF14152B0D3C81005F25BB /* SFProDisplay-Regular.ttf in Resources */ = {isa = PBXBuildFile; fileRef = DACF14122B0D3C80005F25BB /* SFProDisplay-Regular.ttf */; };
		DACF14162B0D3C81005F25BB /* SFProDisplay-Bold.ttf in Resources */ = {isa = PBXBuildFile; fileRef = DACF14132B0D3C80005F25BB /* SFProDisplay-Bold.ttf */; };
		DACF14172B0D3C81005F25BB /* SFProDisplay-Semibold.ttf in Resources */ = {isa = PBXBuildFile; fileRef = DACF14142B0D3C80005F25BB /* SFProDisplay-Semibold.ttf */; };
		DACF14192B0D42F7005F25BB /* AppAudioPlayer.swift in Sources */ = {isa = PBXBuildFile; fileRef = DACF14182B0D42F7005F25BB /* AppAudioPlayer.swift */; };
		DACF141C2B0D435F005F25BB /* superballsong.mp3 in Resources */ = {isa = PBXBuildFile; fileRef = DACF141B2B0D435F005F25BB /* superballsong.mp3 */; };
/* End PBXBuildFile section */

/* Begin PBXContainerItemProxy section */
		DABD43B92B064FBA0006C7FC /* PBXContainerItemProxy */ = {
			isa = PBXContainerItemProxy;
			containerPortal = DABD43972B064FB90006C7FC /* Project object */;
			proxyType = 1;
			remoteGlobalIDString = DABD439E2B064FB90006C7FC;
			remoteInfo = SuperBall;
		};
		DABD43C32B064FBA0006C7FC /* PBXContainerItemProxy */ = {
			isa = PBXContainerItemProxy;
			containerPortal = DABD43972B064FB90006C7FC /* Project object */;
			proxyType = 1;
			remoteGlobalIDString = DABD439E2B064FB90006C7FC;
			remoteInfo = SuperBall;
		};
/* End PBXContainerItemProxy section */

/* Begin PBXFileReference section */
		DA6A3F912B06902F0090604C /* AppCoordinator.swift */ = {isa = PBXFileReference; lastKnownFileType = sourcecode.swift; path = AppCoordinator.swift; sourceTree = "<group>"; };
		DA6A3F962B06A9B40090604C /* OnSettingsCoordinator.swift */ = {isa = PBXFileReference; lastKnownFileType = sourcecode.swift; path = OnSettingsCoordinator.swift; sourceTree = "<group>"; };
		DA6A3F982B06A9CE0090604C /* OnSettingsViewPresenter.swift */ = {isa = PBXFileReference; lastKnownFileType = sourcecode.swift; path = OnSettingsViewPresenter.swift; sourceTree = "<group>"; };
		DA6A3F9A2B06A9FE0090604C /* OnSettingsViewController.swift */ = {isa = PBXFileReference; lastKnownFileType = sourcecode.swift; path = OnSettingsViewController.swift; sourceTree = "<group>"; };
		DA6A3F9D2B06AA180090604C /* OnSettings.storyboard */ = {isa = PBXFileReference; lastKnownFileType = file.storyboard; path = OnSettings.storyboard; sourceTree = "<group>"; };
		DABD439F2B064FB90006C7FC /* SuperBall.app */ = {isa = PBXFileReference; explicitFileType = wrapper.application; includeInIndex = 0; path = SuperBall.app; sourceTree = BUILT_PRODUCTS_DIR; };
		DABD43A22B064FB90006C7FC /* AppDelegate.swift */ = {isa = PBXFileReference; lastKnownFileType = sourcecode.swift; path = AppDelegate.swift; sourceTree = "<group>"; };
		DABD43A62B064FB90006C7FC /* OnHelloViewController.swift */ = {isa = PBXFileReference; lastKnownFileType = sourcecode.swift; path = OnHelloViewController.swift; sourceTree = "<group>"; };
		DABD43A92B064FB90006C7FC /* Base */ = {isa = PBXFileReference; lastKnownFileType = file.storyboard; name = Base; path = Base.lproj/OnWelcome.storyboard; sourceTree = "<group>"; };
		DABD43AC2B064FB90006C7FC /* SuperBall.xcdatamodel */ = {isa = PBXFileReference; lastKnownFileType = wrapper.xcdatamodel; path = SuperBall.xcdatamodel; sourceTree = "<group>"; };
		DABD43AE2B064FBA0006C7FC /* Assets.xcassets */ = {isa = PBXFileReference; lastKnownFileType = folder.assetcatalog; path = Assets.xcassets; sourceTree = "<group>"; };
		DABD43B12B064FBA0006C7FC /* Base */ = {isa = PBXFileReference; lastKnownFileType = file.storyboard; name = Base; path = Base.lproj/LaunchScreen.storyboard; sourceTree = "<group>"; };
		DABD43B32B064FBA0006C7FC /* Info.plist */ = {isa = PBXFileReference; lastKnownFileType = text.plist.xml; path = Info.plist; sourceTree = "<group>"; };
		DABD43B82B064FBA0006C7FC /* SuperBallTests.xctest */ = {isa = PBXFileReference; explicitFileType = wrapper.cfbundle; includeInIndex = 0; path = SuperBallTests.xctest; sourceTree = BUILT_PRODUCTS_DIR; };
		DABD43BC2B064FBA0006C7FC /* SuperBallTests.swift */ = {isa = PBXFileReference; lastKnownFileType = sourcecode.swift; path = SuperBallTests.swift; sourceTree = "<group>"; };
		DABD43C22B064FBA0006C7FC /* SuperBallUITests.xctest */ = {isa = PBXFileReference; explicitFileType = wrapper.cfbundle; includeInIndex = 0; path = SuperBallUITests.xctest; sourceTree = BUILT_PRODUCTS_DIR; };
		DABD43C62B064FBA0006C7FC /* SuperBallUITests.swift */ = {isa = PBXFileReference; lastKnownFileType = sourcecode.swift; path = SuperBallUITests.swift; sourceTree = "<group>"; };
		DABD43C82B064FBA0006C7FC /* SuperBallUITestsLaunchTests.swift */ = {isa = PBXFileReference; lastKnownFileType = sourcecode.swift; path = SuperBallUITestsLaunchTests.swift; sourceTree = "<group>"; };
		DABD43E52B0651FC0006C7FC /* OnHelloViewPresenter.swift */ = {isa = PBXFileReference; lastKnownFileType = sourcecode.swift; path = OnHelloViewPresenter.swift; sourceTree = "<group>"; };
		DABD43EC2B0657CD0006C7FC /* OnHelloCoordinator.swift */ = {isa = PBXFileReference; lastKnownFileType = sourcecode.swift; path = OnHelloCoordinator.swift; sourceTree = "<group>"; };
		DABD43F12B0658F80006C7FC /* OnTutorialViewController.swift */ = {isa = PBXFileReference; lastKnownFileType = sourcecode.swift; path = OnTutorialViewController.swift; sourceTree = "<group>"; };
		DABD43F32B06592E0006C7FC /* OnTurorialViewPresenter.swift */ = {isa = PBXFileReference; lastKnownFileType = sourcecode.swift; path = OnTurorialViewPresenter.swift; sourceTree = "<group>"; };
		DABD43F52B0659450006C7FC /* OnTutorialCoordinator.swift */ = {isa = PBXFileReference; lastKnownFileType = sourcecode.swift; path = OnTutorialCoordinator.swift; sourceTree = "<group>"; };
		DAC916462B0775AE00BAA8AD /* OnPlayGameViewController.swift */ = {isa = PBXFileReference; lastKnownFileType = sourcecode.swift; path = OnPlayGameViewController.swift; sourceTree = "<group>"; };
		DAC916492B07769800BAA8AD /* OnGame.storyboard */ = {isa = PBXFileReference; lastKnownFileType = file.storyboard; path = OnGame.storyboard; sourceTree = "<group>"; };
		DAC9164C2B07785800BAA8AD /* OnGameService.swift */ = {isa = PBXFileReference; lastKnownFileType = sourcecode.swift; path = OnGameService.swift; sourceTree = "<group>"; };
		DAC9164E2B07789C00BAA8AD /* OnPlayGameViewPresenter.swift */ = {isa = PBXFileReference; lastKnownFileType = sourcecode.swift; path = OnPlayGameViewPresenter.swift; sourceTree = "<group>"; };
		DACF14122B0D3C80005F25BB /* SFProDisplay-Regular.ttf */ = {isa = PBXFileReference; lastKnownFileType = file; path = "SFProDisplay-Regular.ttf"; sourceTree = "<group>"; };
		DACF14132B0D3C80005F25BB /* SFProDisplay-Bold.ttf */ = {isa = PBXFileReference; lastKnownFileType = file; path = "SFProDisplay-Bold.ttf"; sourceTree = "<group>"; };
		DACF14142B0D3C80005F25BB /* SFProDisplay-Semibold.ttf */ = {isa = PBXFileReference; lastKnownFileType = file; path = "SFProDisplay-Semibold.ttf"; sourceTree = "<group>"; };
		DACF14182B0D42F7005F25BB /* AppAudioPlayer.swift */ = {isa = PBXFileReference; lastKnownFileType = sourcecode.swift; path = AppAudioPlayer.swift; sourceTree = "<group>"; };
		DACF141B2B0D435F005F25BB /* superballsong.mp3 */ = {isa = PBXFileReference; lastKnownFileType = audio.mp3; path = superballsong.mp3; sourceTree = "<group>"; };
/* End PBXFileReference section */

/* Begin PBXFrameworksBuildPhase section */
		DABD439C2B064FB90006C7FC /* Frameworks */ = {
			isa = PBXFrameworksBuildPhase;
			buildActionMask = 2147483647;
			files = (
			);
			runOnlyForDeploymentPostprocessing = 0;
		};
		DABD43B52B064FBA0006C7FC /* Frameworks */ = {
			isa = PBXFrameworksBuildPhase;
			buildActionMask = 2147483647;
			files = (
			);
			runOnlyForDeploymentPostprocessing = 0;
		};
		DABD43BF2B064FBA0006C7FC /* Frameworks */ = {
			isa = PBXFrameworksBuildPhase;
			buildActionMask = 2147483647;
			files = (
			);
			runOnlyForDeploymentPostprocessing = 0;
		};
/* End PBXFrameworksBuildPhase section */

/* Begin PBXGroup section */
		DA6A3F932B06A9990090604C /* Coordinator */ = {
			isa = PBXGroup;
			children = (
				DA6A3F962B06A9B40090604C /* OnSettingsCoordinator.swift */,
			);
			path = Coordinator;
			sourceTree = "<group>";
		};
		DA6A3F942B06A9A10090604C /* ViewPresenter */ = {
			isa = PBXGroup;
			children = (
				DA6A3F982B06A9CE0090604C /* OnSettingsViewPresenter.swift */,
			);
			path = ViewPresenter;
			sourceTree = "<group>";
		};
		DA6A3F952B06A9A60090604C /* ViewController */ = {
			isa = PBXGroup;
			children = (
				DA6A3F9A2B06A9FE0090604C /* OnSettingsViewController.swift */,
			);
			path = ViewController;
			sourceTree = "<group>";
		};
		DA6A3F9C2B06AA090090604C /* Storyboard */ = {
			isa = PBXGroup;
			children = (
				DA6A3F9D2B06AA180090604C /* OnSettings.storyboard */,
			);
			path = Storyboard;
			sourceTree = "<group>";
		};
		DABD43962B064FB90006C7FC = {
			isa = PBXGroup;
			children = (
				DABD43A12B064FB90006C7FC /* SuperBall */,
				DABD43BB2B064FBA0006C7FC /* SuperBallTests */,
				DABD43C52B064FBA0006C7FC /* SuperBallUITests */,
				DABD43A02B064FB90006C7FC /* Products */,
			);
			sourceTree = "<group>";
		};
		DABD43A02B064FB90006C7FC /* Products */ = {
			isa = PBXGroup;
			children = (
				DABD439F2B064FB90006C7FC /* SuperBall.app */,
				DABD43B82B064FBA0006C7FC /* SuperBallTests.xctest */,
				DABD43C22B064FBA0006C7FC /* SuperBallUITests.xctest */,
			);
			name = Products;
			sourceTree = "<group>";
		};
		DABD43A12B064FB90006C7FC /* SuperBall */ = {
			isa = PBXGroup;
			children = (
				DABD43D52B0650980006C7FC /* SysApp */,
				DABD43D92B06512A0006C7FC /* SysModules */,
				DABD43AB2B064FB90006C7FC /* SuperBall.xcdatamodeld */,
			);
			path = SuperBall;
			sourceTree = "<group>";
		};
		DABD43BB2B064FBA0006C7FC /* SuperBallTests */ = {
			isa = PBXGroup;
			children = (
				DABD43BC2B064FBA0006C7FC /* SuperBallTests.swift */,
			);
			path = SuperBallTests;
			sourceTree = "<group>";
		};
		DABD43C52B064FBA0006C7FC /* SuperBallUITests */ = {
			isa = PBXGroup;
			children = (
				DABD43C62B064FBA0006C7FC /* SuperBallUITests.swift */,
				DABD43C82B064FBA0006C7FC /* SuperBallUITestsLaunchTests.swift */,
			);
			path = SuperBallUITests;
			sourceTree = "<group>";
		};
		DABD43D52B0650980006C7FC /* SysApp */ = {
			isa = PBXGroup;
			children = (
				DABD43D72B0651090006C7FC /* SysResources */,
				DABD43D62B0650A60006C7FC /* SysConfig */,
				DABD43B02B064FBA0006C7FC /* LaunchScreen.storyboard */,
				DABD43A22B064FB90006C7FC /* AppDelegate.swift */,
				DA6A3F912B06902F0090604C /* AppCoordinator.swift */,
				DACF14182B0D42F7005F25BB /* AppAudioPlayer.swift */,
			);
			path = SysApp;
			sourceTree = "<group>";
		};
		DABD43D62B0650A60006C7FC /* SysConfig */ = {
			isa = PBXGroup;
			children = (
				DABD43B32B064FBA0006C7FC /* Info.plist */,
			);
			path = SysConfig;
			sourceTree = "<group>";
		};
		DABD43D72B0651090006C7FC /* SysResources */ = {
			isa = PBXGroup;
			children = (
				DABD43D82B0651100006C7FC /* SysAssets */,
			);
			path = SysResources;
			sourceTree = "<group>";
		};
		DABD43D82B0651100006C7FC /* SysAssets */ = {
			isa = PBXGroup;
			children = (
				DACF141A2B0D4358005F25BB /* SysSong */,
				DACF14112B0D3C5F005F25BB /* SysFont */,
				DABD43AE2B064FBA0006C7FC /* Assets.xcassets */,
			);
			path = SysAssets;
			sourceTree = "<group>";
		};
		DABD43D92B06512A0006C7FC /* SysModules */ = {
			isa = PBXGroup;
			children = (
				DABD43DA2B0651320006C7FC /* OnWelcome */,
				DABD43DB2B06514F0006C7FC /* OnGame */,
				DABD43DC2B0651540006C7FC /* OnPreferences */,
			);
			path = SysModules;
			sourceTree = "<group>";
		};
		DABD43DA2B0651320006C7FC /* OnWelcome */ = {
			isa = PBXGroup;
			children = (
				DABD43E22B0651C10006C7FC /* Storyboard */,
				DABD43DD2B06515D0006C7FC /* OnHello */,
				DABD43DE2B0651700006C7FC /* OnTutorial */,
			);
			path = OnWelcome;
			sourceTree = "<group>";
		};
		DABD43DB2B06514F0006C7FC /* OnGame */ = {
			isa = PBXGroup;
			children = (
				DAC9164B2B07784D00BAA8AD /* Service */,
				DAC916482B07768D00BAA8AD /* Storyboard */,
				DABD43DF2B06517B0006C7FC /* OnPreGame */,
				DABD43E02B0651830006C7FC /* OnPlayGame */,
			);
			path = OnGame;
			sourceTree = "<group>";
		};
		DABD43DC2B0651540006C7FC /* OnPreferences */ = {
			isa = PBXGroup;
			children = (
				DABD43E12B06518B0006C7FC /* OnSettings */,
			);
			path = OnPreferences;
			sourceTree = "<group>";
		};
		DABD43DD2B06515D0006C7FC /* OnHello */ = {
			isa = PBXGroup;
			children = (
				DABD43E32B0651CC0006C7FC /* ViewController */,
				DABD43E42B0651D20006C7FC /* ViewPresenter */,
				DABD43EB2B0657B50006C7FC /* Coordinator */,
			);
			path = OnHello;
			sourceTree = "<group>";
		};
		DABD43DE2B0651700006C7FC /* OnTutorial */ = {
			isa = PBXGroup;
			children = (
				DABD43EE2B0658DF0006C7FC /* ViewController */,
				DABD43EF2B0658E40006C7FC /* ViewPresenter */,
				DABD43F02B0658EC0006C7FC /* Coordinator */,
			);
			path = OnTutorial;
			sourceTree = "<group>";
		};
		DABD43DF2B06517B0006C7FC /* OnPreGame */ = {
			isa = PBXGroup;
			children = (
			);
			path = OnPreGame;
			sourceTree = "<group>";
		};
		DABD43E02B0651830006C7FC /* OnPlayGame */ = {
			isa = PBXGroup;
			children = (
				DAC916452B07759900BAA8AD /* ViewController */,
				DAC916442B07759100BAA8AD /* ViewPresenter */,
				DAC916432B07758B00BAA8AD /* Coordinator */,
			);
			path = OnPlayGame;
			sourceTree = "<group>";
		};
		DABD43E12B06518B0006C7FC /* OnSettings */ = {
			isa = PBXGroup;
			children = (
				DA6A3F9C2B06AA090090604C /* Storyboard */,
				DA6A3F952B06A9A60090604C /* ViewController */,
				DA6A3F942B06A9A10090604C /* ViewPresenter */,
				DA6A3F932B06A9990090604C /* Coordinator */,
			);
			path = OnSettings;
			sourceTree = "<group>";
		};
		DABD43E22B0651C10006C7FC /* Storyboard */ = {
			isa = PBXGroup;
			children = (
				DABD43A82B064FB90006C7FC /* OnWelcome.storyboard */,
			);
			path = Storyboard;
			sourceTree = "<group>";
		};
		DABD43E32B0651CC0006C7FC /* ViewController */ = {
			isa = PBXGroup;
			children = (
				DABD43A62B064FB90006C7FC /* OnHelloViewController.swift */,
			);
			path = ViewController;
			sourceTree = "<group>";
		};
		DABD43E42B0651D20006C7FC /* ViewPresenter */ = {
			isa = PBXGroup;
			children = (
				DABD43E52B0651FC0006C7FC /* OnHelloViewPresenter.swift */,
			);
			path = ViewPresenter;
			sourceTree = "<group>";
		};
		DABD43EB2B0657B50006C7FC /* Coordinator */ = {
			isa = PBXGroup;
			children = (
				DABD43EC2B0657CD0006C7FC /* OnHelloCoordinator.swift */,
			);
			path = Coordinator;
			sourceTree = "<group>";
		};
		DABD43EE2B0658DF0006C7FC /* ViewController */ = {
			isa = PBXGroup;
			children = (
				DABD43F12B0658F80006C7FC /* OnTutorialViewController.swift */,
			);
			path = ViewController;
			sourceTree = "<group>";
		};
		DABD43EF2B0658E40006C7FC /* ViewPresenter */ = {
			isa = PBXGroup;
			children = (
				DABD43F32B06592E0006C7FC /* OnTurorialViewPresenter.swift */,
			);
			path = ViewPresenter;
			sourceTree = "<group>";
		};
		DABD43F02B0658EC0006C7FC /* Coordinator */ = {
			isa = PBXGroup;
			children = (
				DABD43F52B0659450006C7FC /* OnTutorialCoordinator.swift */,
			);
			path = Coordinator;
			sourceTree = "<group>";
		};
		DAC916432B07758B00BAA8AD /* Coordinator */ = {
			isa = PBXGroup;
			children = (
			);
			path = Coordinator;
			sourceTree = "<group>";
		};
		DAC916442B07759100BAA8AD /* ViewPresenter */ = {
			isa = PBXGroup;
			children = (
				DAC9164E2B07789C00BAA8AD /* OnPlayGameViewPresenter.swift */,
			);
			path = ViewPresenter;
			sourceTree = "<group>";
		};
		DAC916452B07759900BAA8AD /* ViewController */ = {
			isa = PBXGroup;
			children = (
				DAC916462B0775AE00BAA8AD /* OnPlayGameViewController.swift */,
			);
			path = ViewController;
			sourceTree = "<group>";
		};
		DAC916482B07768D00BAA8AD /* Storyboard */ = {
			isa = PBXGroup;
			children = (
				DAC916492B07769800BAA8AD /* OnGame.storyboard */,
			);
			path = Storyboard;
			sourceTree = "<group>";
		};
		DAC9164B2B07784D00BAA8AD /* Service */ = {
			isa = PBXGroup;
			children = (
				DAC9164C2B07785800BAA8AD /* OnGameService.swift */,
			);
			path = Service;
			sourceTree = "<group>";
		};
		DACF14112B0D3C5F005F25BB /* SysFont */ = {
			isa = PBXGroup;
			children = (
				DACF14132B0D3C80005F25BB /* SFProDisplay-Bold.ttf */,
				DACF14122B0D3C80005F25BB /* SFProDisplay-Regular.ttf */,
				DACF14142B0D3C80005F25BB /* SFProDisplay-Semibold.ttf */,
			);
			path = SysFont;
			sourceTree = "<group>";
		};
		DACF141A2B0D4358005F25BB /* SysSong */ = {
			isa = PBXGroup;
			children = (
				DACF141B2B0D435F005F25BB /* superballsong.mp3 */,
			);
			path = SysSong;
			sourceTree = "<group>";
		};
/* End PBXGroup section */

/* Begin PBXNativeTarget section */
		DABD439E2B064FB90006C7FC /* SuperBall */ = {
			isa = PBXNativeTarget;
			buildConfigurationList = DABD43CC2B064FBA0006C7FC /* Build configuration list for PBXNativeTarget "SuperBall" */;
			buildPhases = (
				DABD439B2B064FB90006C7FC /* Sources */,
				DABD439C2B064FB90006C7FC /* Frameworks */,
				DABD439D2B064FB90006C7FC /* Resources */,
			);
			buildRules = (
			);
			dependencies = (
			);
			name = SuperBall;
			productName = SuperBall;
			productReference = DABD439F2B064FB90006C7FC /* SuperBall.app */;
			productType = "com.apple.product-type.application";
		};
		DABD43B72B064FBA0006C7FC /* SuperBallTests */ = {
			isa = PBXNativeTarget;
			buildConfigurationList = DABD43CF2B064FBA0006C7FC /* Build configuration list for PBXNativeTarget "SuperBallTests" */;
			buildPhases = (
				DABD43B42B064FBA0006C7FC /* Sources */,
				DABD43B52B064FBA0006C7FC /* Frameworks */,
				DABD43B62B064FBA0006C7FC /* Resources */,
			);
			buildRules = (
			);
			dependencies = (
				DABD43BA2B064FBA0006C7FC /* PBXTargetDependency */,
			);
			name = SuperBallTests;
			productName = SuperBallTests;
			productReference = DABD43B82B064FBA0006C7FC /* SuperBallTests.xctest */;
			productType = "com.apple.product-type.bundle.unit-test";
		};
		DABD43C12B064FBA0006C7FC /* SuperBallUITests */ = {
			isa = PBXNativeTarget;
			buildConfigurationList = DABD43D22B064FBA0006C7FC /* Build configuration list for PBXNativeTarget "SuperBallUITests" */;
			buildPhases = (
				DABD43BE2B064FBA0006C7FC /* Sources */,
				DABD43BF2B064FBA0006C7FC /* Frameworks */,
				DABD43C02B064FBA0006C7FC /* Resources */,
			);
			buildRules = (
			);
			dependencies = (
				DABD43C42B064FBA0006C7FC /* PBXTargetDependency */,
			);
			name = SuperBallUITests;
			productName = SuperBallUITests;
			productReference = DABD43C22B064FBA0006C7FC /* SuperBallUITests.xctest */;
			productType = "com.apple.product-type.bundle.ui-testing";
		};
/* End PBXNativeTarget section */

/* Begin PBXProject section */
		DABD43972B064FB90006C7FC /* Project object */ = {
			isa = PBXProject;
			attributes = {
				BuildIndependentTargetsInParallel = 1;
				LastSwiftUpdateCheck = 1500;
				LastUpgradeCheck = 1500;
				TargetAttributes = {
					DABD439E2B064FB90006C7FC = {
						CreatedOnToolsVersion = 15.0;
					};
					DABD43B72B064FBA0006C7FC = {
						CreatedOnToolsVersion = 15.0;
						TestTargetID = DABD439E2B064FB90006C7FC;
					};
					DABD43C12B064FBA0006C7FC = {
						CreatedOnToolsVersion = 15.0;
						TestTargetID = DABD439E2B064FB90006C7FC;
					};
				};
			};
			buildConfigurationList = DABD439A2B064FB90006C7FC /* Build configuration list for PBXProject "SuperBall" */;
			compatibilityVersion = "Xcode 14.0";
			developmentRegion = en;
			hasScannedForEncodings = 0;
			knownRegions = (
				en,
				Base,
			);
			mainGroup = DABD43962B064FB90006C7FC;
			productRefGroup = DABD43A02B064FB90006C7FC /* Products */;
			projectDirPath = "";
			projectRoot = "";
			targets = (
				DABD439E2B064FB90006C7FC /* SuperBall */,
				DABD43B72B064FBA0006C7FC /* SuperBallTests */,
				DABD43C12B064FBA0006C7FC /* SuperBallUITests */,
			);
		};
/* End PBXProject section */

/* Begin PBXResourcesBuildPhase section */
		DABD439D2B064FB90006C7FC /* Resources */ = {
			isa = PBXResourcesBuildPhase;
			buildActionMask = 2147483647;
			files = (
				DABD43B22B064FBA0006C7FC /* LaunchScreen.storyboard in Resources */,
				DACF14172B0D3C81005F25BB /* SFProDisplay-Semibold.ttf in Resources */,
				DABD43AF2B064FBA0006C7FC /* Assets.xcassets in Resources */,
				DA6A3F9E2B06AA180090604C /* OnSettings.storyboard in Resources */,
				DACF14152B0D3C81005F25BB /* SFProDisplay-Regular.ttf in Resources */,
				DACF141C2B0D435F005F25BB /* superballsong.mp3 in Resources */,
				DACF14162B0D3C81005F25BB /* SFProDisplay-Bold.ttf in Resources */,
				DABD43AA2B064FB90006C7FC /* OnWelcome.storyboard in Resources */,
				DAC9164A2B07769800BAA8AD /* OnGame.storyboard in Resources */,
			);
			runOnlyForDeploymentPostprocessing = 0;
		};
		DABD43B62B064FBA0006C7FC /* Resources */ = {
			isa = PBXResourcesBuildPhase;
			buildActionMask = 2147483647;
			files = (
			);
			runOnlyForDeploymentPostprocessing = 0;
		};
		DABD43C02B064FBA0006C7FC /* Resources */ = {
			isa = PBXResourcesBuildPhase;
			buildActionMask = 2147483647;
			files = (
			);
			runOnlyForDeploymentPostprocessing = 0;
		};
/* End PBXResourcesBuildPhase section */

/* Begin PBXSourcesBuildPhase section */
		DABD439B2B064FB90006C7FC /* Sources */ = {
			isa = PBXSourcesBuildPhase;
			buildActionMask = 2147483647;
			files = (
				DAC916472B0775AE00BAA8AD /* OnPlayGameViewController.swift in Sources */,
				DABD43F42B06592E0006C7FC /* OnTurorialViewPresenter.swift in Sources */,
				DABD43ED2B0657CD0006C7FC /* OnHelloCoordinator.swift in Sources */,
				DAC9164F2B07789C00BAA8AD /* OnPlayGameViewPresenter.swift in Sources */,
				DA6A3F972B06A9B40090604C /* OnSettingsCoordinator.swift in Sources */,
				DABD43AD2B064FB90006C7FC /* SuperBall.xcdatamodeld in Sources */,
				DABD43F62B0659450006C7FC /* OnTutorialCoordinator.swift in Sources */,
				DABD43A72B064FB90006C7FC /* OnHelloViewController.swift in Sources */,
				DA6A3F9B2B06A9FE0090604C /* OnSettingsViewController.swift in Sources */,
				DAC9164D2B07785800BAA8AD /* OnGameService.swift in Sources */,
				DABD43F22B0658F80006C7FC /* OnTutorialViewController.swift in Sources */,
				DA6A3F922B06902F0090604C /* AppCoordinator.swift in Sources */,
				DA6A3F992B06A9CE0090604C /* OnSettingsViewPresenter.swift in Sources */,
				DABD43A32B064FB90006C7FC /* AppDelegate.swift in Sources */,
				DABD43E62B0651FC0006C7FC /* OnHelloViewPresenter.swift in Sources */,
				DACF14192B0D42F7005F25BB /* AppAudioPlayer.swift in Sources */,
			);
			runOnlyForDeploymentPostprocessing = 0;
		};
		DABD43B42B064FBA0006C7FC /* Sources */ = {
			isa = PBXSourcesBuildPhase;
			buildActionMask = 2147483647;
			files = (
				DABD43BD2B064FBA0006C7FC /* SuperBallTests.swift in Sources */,
			);
			runOnlyForDeploymentPostprocessing = 0;
		};
		DABD43BE2B064FBA0006C7FC /* Sources */ = {
			isa = PBXSourcesBuildPhase;
			buildActionMask = 2147483647;
			files = (
				DABD43C72B064FBA0006C7FC /* SuperBallUITests.swift in Sources */,
				DABD43C92B064FBA0006C7FC /* SuperBallUITestsLaunchTests.swift in Sources */,
			);
			runOnlyForDeploymentPostprocessing = 0;
		};
/* End PBXSourcesBuildPhase section */

/* Begin PBXTargetDependency section */
		DABD43BA2B064FBA0006C7FC /* PBXTargetDependency */ = {
			isa = PBXTargetDependency;
			target = DABD439E2B064FB90006C7FC /* SuperBall */;
			targetProxy = DABD43B92B064FBA0006C7FC /* PBXContainerItemProxy */;
		};
		DABD43C42B064FBA0006C7FC /* PBXTargetDependency */ = {
			isa = PBXTargetDependency;
			target = DABD439E2B064FB90006C7FC /* SuperBall */;
			targetProxy = DABD43C32B064FBA0006C7FC /* PBXContainerItemProxy */;
		};
/* End PBXTargetDependency section */

/* Begin PBXVariantGroup section */
		DABD43A82B064FB90006C7FC /* OnWelcome.storyboard */ = {
			isa = PBXVariantGroup;
			children = (
				DABD43A92B064FB90006C7FC /* Base */,
			);
			name = OnWelcome.storyboard;
			sourceTree = "<group>";
		};
		DABD43B02B064FBA0006C7FC /* LaunchScreen.storyboard */ = {
			isa = PBXVariantGroup;
			children = (
				DABD43B12B064FBA0006C7FC /* Base */,
			);
			name = LaunchScreen.storyboard;
			sourceTree = "<group>";
		};
/* End PBXVariantGroup section */

/* Begin XCBuildConfiguration section */
		DABD43CA2B064FBA0006C7FC /* Debug */ = {
			isa = XCBuildConfiguration;
			buildSettings = {
				ALWAYS_SEARCH_USER_PATHS = NO;
				ASSETCATALOG_COMPILER_GENERATE_SWIFT_ASSET_SYMBOL_EXTENSIONS = YES;
				CLANG_ANALYZER_NONNULL = YES;
				CLANG_ANALYZER_NUMBER_OBJECT_CONVERSION = YES_AGGRESSIVE;
				CLANG_CXX_LANGUAGE_STANDARD = "gnu++20";
				CLANG_ENABLE_MODULES = YES;
				CLANG_ENABLE_OBJC_ARC = YES;
				CLANG_ENABLE_OBJC_WEAK = YES;
				CLANG_WARN_BLOCK_CAPTURE_AUTORELEASING = YES;
				CLANG_WARN_BOOL_CONVERSION = YES;
				CLANG_WARN_COMMA = YES;
				CLANG_WARN_CONSTANT_CONVERSION = YES;
				CLANG_WARN_DEPRECATED_OBJC_IMPLEMENTATIONS = YES;
				CLANG_WARN_DIRECT_OBJC_ISA_USAGE = YES_ERROR;
				CLANG_WARN_DOCUMENTATION_COMMENTS = YES;
				CLANG_WARN_EMPTY_BODY = YES;
				CLANG_WARN_ENUM_CONVERSION = YES;
				CLANG_WARN_INFINITE_RECURSION = YES;
				CLANG_WARN_INT_CONVERSION = YES;
				CLANG_WARN_NON_LITERAL_NULL_CONVERSION = YES;
				CLANG_WARN_OBJC_IMPLICIT_RETAIN_SELF = YES;
				CLANG_WARN_OBJC_LITERAL_CONVERSION = YES;
				CLANG_WARN_OBJC_ROOT_CLASS = YES_ERROR;
				CLANG_WARN_QUOTED_INCLUDE_IN_FRAMEWORK_HEADER = YES;
				CLANG_WARN_RANGE_LOOP_ANALYSIS = YES;
				CLANG_WARN_STRICT_PROTOTYPES = YES;
				CLANG_WARN_SUSPICIOUS_MOVE = YES;
				CLANG_WARN_UNGUARDED_AVAILABILITY = YES_AGGRESSIVE;
				CLANG_WARN_UNREACHABLE_CODE = YES;
				CLANG_WARN__DUPLICATE_METHOD_MATCH = YES;
				COPY_PHASE_STRIP = NO;
				DEBUG_INFORMATION_FORMAT = dwarf;
				ENABLE_STRICT_OBJC_MSGSEND = YES;
				ENABLE_TESTABILITY = YES;
				ENABLE_USER_SCRIPT_SANDBOXING = YES;
				GCC_C_LANGUAGE_STANDARD = gnu17;
				GCC_DYNAMIC_NO_PIC = NO;
				GCC_NO_COMMON_BLOCKS = YES;
				GCC_OPTIMIZATION_LEVEL = 0;
				GCC_PREPROCESSOR_DEFINITIONS = (
					"DEBUG=1",
					"$(inherited)",
				);
				GCC_WARN_64_TO_32_BIT_CONVERSION = YES;
				GCC_WARN_ABOUT_RETURN_TYPE = YES_ERROR;
				GCC_WARN_UNDECLARED_SELECTOR = YES;
				GCC_WARN_UNINITIALIZED_AUTOS = YES_AGGRESSIVE;
				GCC_WARN_UNUSED_FUNCTION = YES;
				GCC_WARN_UNUSED_VARIABLE = YES;
				IPHONEOS_DEPLOYMENT_TARGET = 17.0;
				LOCALIZATION_PREFERS_STRING_CATALOGS = YES;
				MTL_ENABLE_DEBUG_INFO = INCLUDE_SOURCE;
				MTL_FAST_MATH = YES;
				ONLY_ACTIVE_ARCH = YES;
				SDKROOT = iphoneos;
				SWIFT_ACTIVE_COMPILATION_CONDITIONS = "DEBUG $(inherited)";
				SWIFT_OPTIMIZATION_LEVEL = "-Onone";
			};
			name = Debug;
		};
		DABD43CB2B064FBA0006C7FC /* Release */ = {
			isa = XCBuildConfiguration;
			buildSettings = {
				ALWAYS_SEARCH_USER_PATHS = NO;
				ASSETCATALOG_COMPILER_GENERATE_SWIFT_ASSET_SYMBOL_EXTENSIONS = YES;
				CLANG_ANALYZER_NONNULL = YES;
				CLANG_ANALYZER_NUMBER_OBJECT_CONVERSION = YES_AGGRESSIVE;
				CLANG_CXX_LANGUAGE_STANDARD = "gnu++20";
				CLANG_ENABLE_MODULES = YES;
				CLANG_ENABLE_OBJC_ARC = YES;
				CLANG_ENABLE_OBJC_WEAK = YES;
				CLANG_WARN_BLOCK_CAPTURE_AUTORELEASING = YES;
				CLANG_WARN_BOOL_CONVERSION = YES;
				CLANG_WARN_COMMA = YES;
				CLANG_WARN_CONSTANT_CONVERSION = YES;
				CLANG_WARN_DEPRECATED_OBJC_IMPLEMENTATIONS = YES;
				CLANG_WARN_DIRECT_OBJC_ISA_USAGE = YES_ERROR;
				CLANG_WARN_DOCUMENTATION_COMMENTS = YES;
				CLANG_WARN_EMPTY_BODY = YES;
				CLANG_WARN_ENUM_CONVERSION = YES;
				CLANG_WARN_INFINITE_RECURSION = YES;
				CLANG_WARN_INT_CONVERSION = YES;
				CLANG_WARN_NON_LITERAL_NULL_CONVERSION = YES;
				CLANG_WARN_OBJC_IMPLICIT_RETAIN_SELF = YES;
				CLANG_WARN_OBJC_LITERAL_CONVERSION = YES;
				CLANG_WARN_OBJC_ROOT_CLASS = YES_ERROR;
				CLANG_WARN_QUOTED_INCLUDE_IN_FRAMEWORK_HEADER = YES;
				CLANG_WARN_RANGE_LOOP_ANALYSIS = YES;
				CLANG_WARN_STRICT_PROTOTYPES = YES;
				CLANG_WARN_SUSPICIOUS_MOVE = YES;
				CLANG_WARN_UNGUARDED_AVAILABILITY = YES_AGGRESSIVE;
				CLANG_WARN_UNREACHABLE_CODE = YES;
				CLANG_WARN__DUPLICATE_METHOD_MATCH = YES;
				COPY_PHASE_STRIP = NO;
				DEBUG_INFORMATION_FORMAT = "dwarf-with-dsym";
				ENABLE_NS_ASSERTIONS = NO;
				ENABLE_STRICT_OBJC_MSGSEND = YES;
				ENABLE_USER_SCRIPT_SANDBOXING = YES;
				GCC_C_LANGUAGE_STANDARD = gnu17;
				GCC_NO_COMMON_BLOCKS = YES;
				GCC_WARN_64_TO_32_BIT_CONVERSION = YES;
				GCC_WARN_ABOUT_RETURN_TYPE = YES_ERROR;
				GCC_WARN_UNDECLARED_SELECTOR = YES;
				GCC_WARN_UNINITIALIZED_AUTOS = YES_AGGRESSIVE;
				GCC_WARN_UNUSED_FUNCTION = YES;
				GCC_WARN_UNUSED_VARIABLE = YES;
				IPHONEOS_DEPLOYMENT_TARGET = 17.0;
				LOCALIZATION_PREFERS_STRING_CATALOGS = YES;
				MTL_ENABLE_DEBUG_INFO = NO;
				MTL_FAST_MATH = YES;
				SDKROOT = iphoneos;
				SWIFT_COMPILATION_MODE = wholemodule;
				VALIDATE_PRODUCT = YES;
			};
			name = Release;
		};
		DABD43CD2B064FBA0006C7FC /* Debug */ = {
			isa = XCBuildConfiguration;
			buildSettings = {
				ASSETCATALOG_COMPILER_APPICON_NAME = AppIcon;
				ASSETCATALOG_COMPILER_GLOBAL_ACCENT_COLOR_NAME = AccentColor;
				CODE_SIGN_STYLE = Automatic;
				CURRENT_PROJECT_VERSION = 1;
				GENERATE_INFOPLIST_FILE = YES;
				INFOPLIST_FILE = SuperBall/SysApp/SysConfig/Info.plist;
				INFOPLIST_KEY_UIApplicationSupportsIndirectInputEvents = YES;
				INFOPLIST_KEY_UILaunchStoryboardName = LaunchScreen;
				INFOPLIST_KEY_UIMainStoryboardFile = OnWelcome;
				INFOPLIST_KEY_UISupportedInterfaceOrientations_iPad = "UIInterfaceOrientationPortrait UIInterfaceOrientationPortraitUpsideDown UIInterfaceOrientationLandscapeLeft UIInterfaceOrientationLandscapeRight";
				INFOPLIST_KEY_UISupportedInterfaceOrientations_iPhone = "UIInterfaceOrientationPortrait UIInterfaceOrientationLandscapeLeft UIInterfaceOrientationLandscapeRight";
				LD_RUNPATH_SEARCH_PATHS = (
					"$(inherited)",
					"@executable_path/Frameworks",
				);
				MARKETING_VERSION = 1.0;
				PRODUCT_BUNDLE_IDENTIFIER = com.tride.ball.SuperBall;
				PRODUCT_NAME = "$(TARGET_NAME)";
				SWIFT_EMIT_LOC_STRINGS = YES;
				SWIFT_VERSION = 5.0;
				TARGETED_DEVICE_FAMILY = "1,2";
			};
			name = Debug;
		};
		DABD43CE2B064FBA0006C7FC /* Release */ = {
			isa = XCBuildConfiguration;
			buildSettings = {
				ASSETCATALOG_COMPILER_APPICON_NAME = AppIcon;
				ASSETCATALOG_COMPILER_GLOBAL_ACCENT_COLOR_NAME = AccentColor;
				CODE_SIGN_STYLE = Automatic;
				CURRENT_PROJECT_VERSION = 1;
				GENERATE_INFOPLIST_FILE = YES;
				INFOPLIST_FILE = SuperBall/SysApp/SysConfig/Info.plist;
				INFOPLIST_KEY_UIApplicationSupportsIndirectInputEvents = YES;
				INFOPLIST_KEY_UILaunchStoryboardName = LaunchScreen;
				INFOPLIST_KEY_UIMainStoryboardFile = OnWelcome;
				INFOPLIST_KEY_UISupportedInterfaceOrientations_iPad = "UIInterfaceOrientationPortrait UIInterfaceOrientationPortraitUpsideDown UIInterfaceOrientationLandscapeLeft UIInterfaceOrientationLandscapeRight";
				INFOPLIST_KEY_UISupportedInterfaceOrientations_iPhone = "UIInterfaceOrientationPortrait UIInterfaceOrientationLandscapeLeft UIInterfaceOrientationLandscapeRight";
				LD_RUNPATH_SEARCH_PATHS = (
					"$(inherited)",
					"@executable_path/Frameworks",
				);
				MARKETING_VERSION = 1.0;
				PRODUCT_BUNDLE_IDENTIFIER = com.tride.ball.SuperBall;
				PRODUCT_NAME = "$(TARGET_NAME)";
				SWIFT_EMIT_LOC_STRINGS = YES;
				SWIFT_VERSION = 5.0;
				TARGETED_DEVICE_FAMILY = "1,2";
			};
			name = Release;
		};
		DABD43D02B064FBA0006C7FC /* Debug */ = {
			isa = XCBuildConfiguration;
			buildSettings = {
				ALWAYS_EMBED_SWIFT_STANDARD_LIBRARIES = YES;
				BUNDLE_LOADER = "$(TEST_HOST)";
				CODE_SIGN_STYLE = Automatic;
				CURRENT_PROJECT_VERSION = 1;
				GENERATE_INFOPLIST_FILE = YES;
				IPHONEOS_DEPLOYMENT_TARGET = 17.0;
				MARKETING_VERSION = 1.0;
				PRODUCT_BUNDLE_IDENTIFIER = com.tride.ball.SuperBallTests;
				PRODUCT_NAME = "$(TARGET_NAME)";
				SWIFT_EMIT_LOC_STRINGS = NO;
				SWIFT_VERSION = 5.0;
				TARGETED_DEVICE_FAMILY = "1,2";
				TEST_HOST = "$(BUILT_PRODUCTS_DIR)/SuperBall.app/$(BUNDLE_EXECUTABLE_FOLDER_PATH)/SuperBall";
			};
			name = Debug;
		};
		DABD43D12B064FBA0006C7FC /* Release */ = {
			isa = XCBuildConfiguration;
			buildSettings = {
				ALWAYS_EMBED_SWIFT_STANDARD_LIBRARIES = YES;
				BUNDLE_LOADER = "$(TEST_HOST)";
				CODE_SIGN_STYLE = Automatic;
				CURRENT_PROJECT_VERSION = 1;
				GENERATE_INFOPLIST_FILE = YES;
				IPHONEOS_DEPLOYMENT_TARGET = 17.0;
				MARKETING_VERSION = 1.0;
				PRODUCT_BUNDLE_IDENTIFIER = com.tride.ball.SuperBallTests;
				PRODUCT_NAME = "$(TARGET_NAME)";
				SWIFT_EMIT_LOC_STRINGS = NO;
				SWIFT_VERSION = 5.0;
				TARGETED_DEVICE_FAMILY = "1,2";
				TEST_HOST = "$(BUILT_PRODUCTS_DIR)/SuperBall.app/$(BUNDLE_EXECUTABLE_FOLDER_PATH)/SuperBall";
			};
			name = Release;
		};
		DABD43D32B064FBA0006C7FC /* Debug */ = {
			isa = XCBuildConfiguration;
			buildSettings = {
				ALWAYS_EMBED_SWIFT_STANDARD_LIBRARIES = YES;
				CODE_SIGN_STYLE = Automatic;
				CURRENT_PROJECT_VERSION = 1;
				GENERATE_INFOPLIST_FILE = YES;
				MARKETING_VERSION = 1.0;
				PRODUCT_BUNDLE_IDENTIFIER = com.tride.ball.SuperBallUITests;
				PRODUCT_NAME = "$(TARGET_NAME)";
				SWIFT_EMIT_LOC_STRINGS = NO;
				SWIFT_VERSION = 5.0;
				TARGETED_DEVICE_FAMILY = "1,2";
				TEST_TARGET_NAME = SuperBall;
			};
			name = Debug;
		};
		DABD43D42B064FBA0006C7FC /* Release */ = {
			isa = XCBuildConfiguration;
			buildSettings = {
				ALWAYS_EMBED_SWIFT_STANDARD_LIBRARIES = YES;
				CODE_SIGN_STYLE = Automatic;
				CURRENT_PROJECT_VERSION = 1;
				GENERATE_INFOPLIST_FILE = YES;
				MARKETING_VERSION = 1.0;
				PRODUCT_BUNDLE_IDENTIFIER = com.tride.ball.SuperBallUITests;
				PRODUCT_NAME = "$(TARGET_NAME)";
				SWIFT_EMIT_LOC_STRINGS = NO;
				SWIFT_VERSION = 5.0;
				TARGETED_DEVICE_FAMILY = "1,2";
				TEST_TARGET_NAME = SuperBall;
			};
			name = Release;
		};
/* End XCBuildConfiguration section */

/* Begin XCConfigurationList section */
		DABD439A2B064FB90006C7FC /* Build configuration list for PBXProject "SuperBall" */ = {
			isa = XCConfigurationList;
			buildConfigurations = (
				DABD43CA2B064FBA0006C7FC /* Debug */,
				DABD43CB2B064FBA0006C7FC /* Release */,
			);
			defaultConfigurationIsVisible = 0;
			defaultConfigurationName = Release;
		};
		DABD43CC2B064FBA0006C7FC /* Build configuration list for PBXNativeTarget "SuperBall" */ = {
			isa = XCConfigurationList;
			buildConfigurations = (
				DABD43CD2B064FBA0006C7FC /* Debug */,
				DABD43CE2B064FBA0006C7FC /* Release */,
			);
			defaultConfigurationIsVisible = 0;
			defaultConfigurationName = Release;
		};
		DABD43CF2B064FBA0006C7FC /* Build configuration list for PBXNativeTarget "SuperBallTests" */ = {
			isa = XCConfigurationList;
			buildConfigurations = (
				DABD43D02B064FBA0006C7FC /* Debug */,
				DABD43D12B064FBA0006C7FC /* Release */,
			);
			defaultConfigurationIsVisible = 0;
			defaultConfigurationName = Release;
		};
		DABD43D22B064FBA0006C7FC /* Build configuration list for PBXNativeTarget "SuperBallUITests" */ = {
			isa = XCConfigurationList;
			buildConfigurations = (
				DABD43D32B064FBA0006C7FC /* Debug */,
				DABD43D42B064FBA0006C7FC /* Release */,
			);
			defaultConfigurationIsVisible = 0;
			defaultConfigurationName = Release;
		};
/* End XCConfigurationList section */

/* Begin XCVersionGroup section */
		DABD43AB2B064FB90006C7FC /* SuperBall.xcdatamodeld */ = {
			isa = XCVersionGroup;
			children = (
				DABD43AC2B064FB90006C7FC /* SuperBall.xcdatamodel */,
			);
			currentVersion = DABD43AC2B064FB90006C7FC /* SuperBall.xcdatamodel */;
			path = SuperBall.xcdatamodeld;
			sourceTree = "<group>";
			versionGroupType = wrapper.xcdatamodel;
		};
/* End XCVersionGroup section */
	};
	rootObject = DABD43972B064FB90006C7FC /* Project object */;
}
