{
  "pins" : [
    {
      "identity" : "appsflyerframework",
      "kind" : "remoteSourceControl",
      "location" : "https://github.com/AppsFlyerSDK/AppsFlyerFramework.git",
      "state" : {
        "revision" : "0d8359239a349db4ac2aba8efe2ad8835fc799b5",
        "version" : "6.12.2"
      }
    },
    {
      "identity" : "onesignal-xcframework",
      "kind" : "remoteSourceControl",
      "location" : "https://github.com/OneSignal/OneSignal-XCFramework.git",
      "state" : {
        "revision" : "b466a821e03008ecae885ebf79f52e4b88269b06",
        "version" : "3.12.6"
      }
    }
  ],
  "version" : 2
}
